github.com/HugoBlox/hugo-blox-builder/modules/blox-plugin-netlify v1.1.2-0.20240527185548-8d25fbed122c h1:VfuAo+KCuic7HizWKmsLszRG+sIzccWqXUxkDa2qeBA=
github.com/HugoBlox/hugo-blox-builder/modules/blox-plugin-netlify v1.1.2-0.20240527185548-8d25fbed122c/go.mod h1:C7jfxMLv1bEUqbM9XDSmEpfOpS8w06OgqNDEcbuRgL4=
github.com/HugoBlox/hugo-blox-builder/modules/blox-tailwind v0.2.1-0.20240506221655-75a42222e9a5 h1:wMqusMEAbKr9MQCfeyK7sqMrRvkZheIVyRejhvbpaTY=
github.com/HugoBlox/hugo-blox-builder/modules/blox-tailwind v0.2.1-0.20240506221655-75a42222e9a5/go.mod h1:+qBbqXbKT7M2nOeHQa5OrRXwQKpEx1RXpMGirHbT7HU=
